{
  "version": 4,
  "terraform_version": "0.14.6",
  "serial": 5,
  "lineage": "4f0c371f-ef48-c4b1-f9ad-254f264e6131",
  "outputs": {},
  "resources": [
    {
      "mode": "managed",
      "type": "scaleway_instance_ip",
      "name": "public_ip",
      "provider": "provider[\"registry.terraform.io/scaleway/scaleway\"]",
      "instances": [
        {
          "schema_version": 0,
          "attributes": {
            "address": "163.172.132.178",
            "id": "fr-par-1/bf5f13c2-98f1-49b9-a036-89a93b834b20",
            "organization_id": "297148bd-76d7-4292-b3c3-2877e0a49c23",
            "project_id": "9070beec-020b-4048-9e14-3a43d1116dcc",
            "reverse": "",
            "server_id": "",
            "timeouts": null,
            "zone": "fr-par-1"
          },
          "sensitive_attributes": [],
          "private": "eyJlMmJmYjczMC1lY2FhLTExZTYtOGY4OC0zNDM2M2JjN2M0YzAiOnsiY3JlYXRlIjo2MDAwMDAwMDAwMCwiZGVmYXVsdCI6NjAwMDAwMDAwMDAsImRlbGV0ZSI6NjAwMDAwMDAwMDAsInJlYWQiOjYwMDAwMDAwMDAwLCJ1cGRhdGUiOjYwMDAwMDAwMDAwfX0="
        }
      ]
    },
    {
      "mode": "managed",
      "type": "scaleway_instance_security_group",
      "name": "web",
      "provider": "provider[\"registry.terraform.io/scaleway/scaleway\"]",
      "instances": [
        {
          "schema_version": 0,
          "attributes": {
            "description": "allow HTTP and HTTPS traffic",
            "enable_default_security": true,
            "external_rules": false,
            "id": "fr-par-1/06b5f102-b6fe-496e-b727-844b18bf7218",
            "inbound_default_policy": "drop",
            "inbound_rule": [
              {
                "action": "accept",
                "ip": "",
                "ip_range": "0.0.0.0/0",
                "port": 80,
                "port_range": "",
                "protocol": "TCP"
              },
              {
                "action": "accept",
                "ip": "",
                "ip_range": "0.0.0.0/0",
                "port": 443,
                "port_range": "",
                "protocol": "TCP"
              },
              {
                "action": "accept",
                "ip": "189.151.109.169",
                "ip_range": "",
                "port": 22,
                "port_range": "",
                "protocol": "TCP"
              }
            ],
            "name": "http \u0026 ssh",
            "organization_id": "297148bd-76d7-4292-b3c3-2877e0a49c23",
            "outbound_default_policy": "accept",
            "outbound_rule": [],
            "project_id": "9070beec-020b-4048-9e14-3a43d1116dcc",
            "stateful": true,
            "timeouts": null,
            "zone": "fr-par-1"
          },
          "sensitive_attributes": [],
          "private": "eyJlMmJmYjczMC1lY2FhLTExZTYtOGY4OC0zNDM2M2JjN2M0YzAiOnsiY3JlYXRlIjo2MDAwMDAwMDAwMCwiZGVmYXVsdCI6NjAwMDAwMDAwMDAsImRlbGV0ZSI6NjAwMDAwMDAwMDAsInJlYWQiOjYwMDAwMDAwMDAwLCJ1cGRhdGUiOjYwMDAwMDAwMDAwfX0="
        }
      ]
    },
    {
      "mode": "managed",
      "type": "scaleway_instance_server",
      "name": "web",
      "provider": "provider[\"registry.terraform.io/scaleway/scaleway\"]",
      "instances": [
        {
          "schema_version": 0,
          "attributes": {
            "additional_volume_ids": null,
            "boot_type": "local",
            "bootscript_id": "fdfe150f-a870-4ce4-b432-9f56b5b995c1",
            "cloud_init": null,
            "enable_dynamic_ip": false,
            "enable_ipv6": false,
            "id": "fr-par-1/063d1ec3-1d05-4ed0-aa05-85747e4b7eac",
            "image": "ubuntu_focal",
            "ip_id": "fr-par-1/bf5f13c2-98f1-49b9-a036-89a93b834b20",
            "ipv6_address": "",
            "ipv6_gateway": "",
            "ipv6_prefix_length": 0,
            "name": "web-scaleway-1",
            "organization_id": "297148bd-76d7-4292-b3c3-2877e0a49c23",
            "placement_group_id": null,
            "placement_group_policy_respected": null,
            "private_ip": "10.65.52.119",
            "private_network": [],
            "project_id": "9070beec-020b-4048-9e14-3a43d1116dcc",
            "public_ip": "163.172.132.178",
            "root_volume": [
              {
                "boot": false,
                "delete_on_termination": false,
                "size_in_gb": 20,
                "volume_id": "fr-par-1/ece14703-e6f7-47e8-ade4-4eb45bdc02c9"
              }
            ],
            "security_group_id": "fr-par-1/06b5f102-b6fe-496e-b727-844b18bf7218",
            "state": "started",
            "tags": null,
            "timeouts": null,
            "type": "DEV1-S",
            "user_data": null,
            "zone": "fr-par-1"
          },
          "sensitive_attributes": [],
          "private": "eyJlMmJmYjczMC1lY2FhLTExZTYtOGY4OC0zNDM2M2JjN2M0YzAiOnsiY3JlYXRlIjo2MDAwMDAwMDAwMDAsImRlZmF1bHQiOjYwMDAwMDAwMDAwMCwiZGVsZXRlIjo2MDAwMDAwMDAwMDAsInJlYWQiOjYwMDAwMDAwMDAwMCwidXBkYXRlIjo2MDAwMDAwMDAwMDB9fQ==",
          "dependencies": [
            "scaleway_instance_ip.public_ip",
            "scaleway_instance_security_group.web"
          ]
        }
      ]
    }
  ]
}
